{
  "name": "cuspokertools",
  "version": "1.0.0",
  "lockfileVersion": 3,
  "requires": true,
  "packages": {
    "": {
      "name": "cuspokertools",
      "version": "1.0.0",
      "license": "ISC",
      "dependencies": {
        "poker-odds-calc": "^0.0.14"
      }
    },
    "node_modules/@types/argv": {
      "version": "0.0.4",
      "resolved": "https://registry.npmjs.org/@types/argv/-/argv-0.0.4.tgz",
      "integrity": "sha512-Bqdk3j7vGqvygWXYTZxNo+iYT9yKvEZphCz5RNER35sKbF+3pHD9pKcIEtxaOsHYntH3St99kd+I+k433jsfIg==",
      "license": "MIT"
    },
    "node_modules/argv": {
      "version": "0.0.2",
      "resolved": "https://registry.npmjs.org/argv/-/argv-0.0.2.tgz",
      "integrity": "sha512-dEamhpPEwRUBpLNHeuCm/v+g0anFByHahxodVO/BbAarHVBBg2MccCwf9K+o1Pof+2btdnkJelYVUWjW/VrATw==",
      "deprecated": "Package no longer supported. Contact Support at https://www.npmjs.com/support for more info.",
      "engines": {
        "node": ">=0.6.10"
      }
    },
    "node_modules/lodash": {
      "version": "4.17.23",
      "resolved": "https://registry.npmjs.org/lodash/-/lodash-4.17.23.tgz",
      "integrity": "sha512-LgVTMpQtIopCi79SJeDiP0TfWi5CNEc/L/aRdTh3yIvmZXTnheWpKjSZhnvMl8iXbC1tFg9gdHHDMLoV7CnG+w==",
      "license": "MIT"
    },
    "node_modules/poker-odds-calc": {
      "version": "0.0.14",
      "resolved": "https://registry.npmjs.org/poker-odds-calc/-/poker-odds-calc-0.0.14.tgz",
      "integrity": "sha512-sZQa9WjRojVMBMKk20Z0hegLlYsJGSuH9cynCq1cQRbvYTwN8olxUrsalaNo72drhljK05+kvieO0tkXGagH9Q==",
      "license": "MIT",
      "dependencies": {
        "@types/argv": "0.0.4",
        "argv": "0.0.2",
        "lodash": "^4.17.20",
        "typescript": "^4.0.3"
      },
      "bin": {
        "poker-odds-calc": "dist/lib/bin/poker-odds-calc.js"
      },
      "engines": {
        "node": ">=6.0.0"
      }
    },
    "node_modules/typescript": {
      "version": "4.9.5",
      "resolved": "https://registry.npmjs.org/typescript/-/typescript-4.9.5.tgz",
      "integrity": "sha512-1FXk9E2Hm+QzZQ7z+McJiHL4NW1F2EzMu9Nq9i3zAaGqibafqYwCVU6WyWAuyQRRzOlxou8xZSyXLEN8oKj24g==",
      "license": "Apache-2.0",
      "bin": {
        "tsc": "bin/tsc",
        "tsserver": "bin/tsserver"
      },
      "engines": {
        "node": ">=4.2.0"
      }
    }
  }
}
